
Microsoft Visual Studio Solution File, Format Version 12.00
# Visual Studio 2012
Project("{FAE04EC0-301F-11D3-BF4B-00C04F79EFBC}") = "SortingApp", "SortingApp\SortingApp.csproj", "{26F87C8C-F1FB-4C19-B96D-5B3DB57DB0B0}"
	ProjectSection(ProjectDependencies) = postProject
		{051AD265-8E83-4DB4-A401-2C6C1E7E7EA3} = {051AD265-8E83-4DB4-A401-2C6C1E7E7EA3}
	EndProjectSection
EndProject
Project("{FAE04EC0-301F-11D3-BF4B-00C04F79EFBC}") = "Sorting", "Sorting\Sorting.csproj", "{051AD265-8E83-4DB4-A401-2C6C1E7E7EA3}"
EndProject
Project("{FAE04EC0-301F-11D3-BF4B-00C04F79EFBC}") = "GraphsLibrary", "GraphsLibrary\GraphsLibrary.csproj", "{E6AE3C6D-7792-4579-A805-7B75C706ABBF}"
EndProject
Project("{FAE04EC0-301F-11D3-BF4B-00C04F79EFBC}") = "CutFinder", "CutFinder\CutFinder.csproj", "{FDBD200F-5EEA-4895-9D5F-614D358CFC2D}"
EndProject
Global
	GlobalSection(SolutionConfigurationPlatforms) = preSolution
		Debug|Any CPU = Debug|Any CPU
		Release|Any CPU = Release|Any CPU
	EndGlobalSection
	GlobalSection(ProjectConfigurationPlatforms) = postSolution
		{26F87C8C-F1FB-4C19-B96D-5B3DB57DB0B0}.Debug|Any CPU.ActiveCfg = Debug|Any CPU
		{26F87C8C-F1FB-4C19-B96D-5B3DB57DB0B0}.Debug|Any CPU.Build.0 = Debug|Any CPU
		{26F87C8C-F1FB-4C19-B96D-5B3DB57DB0B0}.Release|Any CPU.ActiveCfg = Release|Any CPU
		{26F87C8C-F1FB-4C19-B96D-5B3DB57DB0B0}.Release|Any CPU.Build.0 = Release|Any CPU
		{051AD265-8E83-4DB4-A401-2C6C1E7E7EA3}.Debug|Any CPU.ActiveCfg = Debug|Any CPU
		{051AD265-8E83-4DB4-A401-2C6C1E7E7EA3}.Debug|Any CPU.Build.0 = Debug|Any CPU
		{051AD265-8E83-4DB4-A401-2C6C1E7E7EA3}.Release|Any CPU.ActiveCfg = Release|Any CPU
		{051AD265-8E83-4DB4-A401-2C6C1E7E7EA3}.Release|Any CPU.Build.0 = Release|Any CPU
		{E6AE3C6D-7792-4579-A805-7B75C706ABBF}.Debug|Any CPU.ActiveCfg = Debug|Any CPU
		{E6AE3C6D-7792-4579-A805-7B75C706ABBF}.Debug|Any CPU.Build.0 = Debug|Any CPU
		{E6AE3C6D-7792-4579-A805-7B75C706ABBF}.Release|Any CPU.ActiveCfg = Release|Any CPU
		{E6AE3C6D-7792-4579-A805-7B75C706ABBF}.Release|Any CPU.Build.0 = Release|Any CPU
		{FDBD200F-5EEA-4895-9D5F-614D358CFC2D}.Debug|Any CPU.ActiveCfg = Debug|Any CPU
		{FDBD200F-5EEA-4895-9D5F-614D358CFC2D}.Debug|Any CPU.Build.0 = Debug|Any CPU
		{FDBD200F-5EEA-4895-9D5F-614D358CFC2D}.Release|Any CPU.ActiveCfg = Release|Any CPU
		{FDBD200F-5EEA-4895-9D5F-614D358CFC2D}.Release|Any CPU.Build.0 = Release|Any CPU
	EndGlobalSection
	GlobalSection(SolutionProperties) = preSolution
		HideSolutionNode = FALSE
	EndGlobalSection
EndGlobal
