
Microsoft Visual Studio Solution File, Format Version 12.00
# Visual Studio 2012
Project("{FAE04EC0-301F-11D3-BF4B-00C04F79EFBC}") = "SortingApp", "SortingApp\SortingApp.csproj", "{26F87C8C-F1FB-4C19-B96D-5B3DB57DB0B0}"
	ProjectSection(ProjectDependencies) = postProject
		{051AD265-8E83-4DB4-A401-2C6C1E7E7EA3} = {051AD265-8E83-4DB4-A401-2C6C1E7E7EA3}
	EndProjectSection
EndProject
Project("{FAE04EC0-301F-11D3-BF4B-00C04F79EFBC}") = "Sorting", "Sorting\Sorting.csproj", "{051AD265-8E83-4DB4-A401-2C6C1E7E7EA3}"
EndProject
Global
	GlobalSection(SolutionConfigurationPlatforms) = preSolution
		Debug|Any CPU = Debug|Any CPU
		Release|Any CPU = Release|Any CPU
	EndGlobalSection
	GlobalSection(ProjectConfigurationPlatforms) = postSolution
		{26F87C8C-F1FB-4C19-B96D-5B3DB57DB0B0}.Debug|Any CPU.ActiveCfg = Debug|Any CPU
		{26F87C8C-F1FB-4C19-B96D-5B3DB57DB0B0}.Debug|Any CPU.Build.0 = Debug|Any CPU
		{26F87C8C-F1FB-4C19-B96D-5B3DB57DB0B0}.Release|Any CPU.ActiveCfg = Release|Any CPU
		{26F87C8C-F1FB-4C19-B96D-5B3DB57DB0B0}.Release|Any CPU.Build.0 = Release|Any CPU
		{051AD265-8E83-4DB4-A401-2C6C1E7E7EA3}.Debug|Any CPU.ActiveCfg = Debug|Any CPU
		{051AD265-8E83-4DB4-A401-2C6C1E7E7EA3}.Debug|Any CPU.Build.0 = Debug|Any CPU
		{051AD265-8E83-4DB4-A401-2C6C1E7E7EA3}.Release|Any CPU.ActiveCfg = Release|Any CPU
		{051AD265-8E83-4DB4-A401-2C6C1E7E7EA3}.Release|Any CPU.Build.0 = Release|Any CPU
	EndGlobalSection
	GlobalSection(SolutionProperties) = preSolution
		HideSolutionNode = FALSE
	EndGlobalSection
EndGlobal
